
Microsoft Visual Studio Solution File, Format Version 12.00
# Visual Studio Version 17
VisualStudioVersion = 17.1.32210.238
MinimumVisualStudioVersion = 10.0.40219.1
Project("{FAE04EC0-301F-11D3-BF4B-00C04F79EFBC}") = "Autoservis", "Autoservis\Autoservis.csproj", "{0C32A67B-B826-48D4-AEAF-A0B945E6A6B8}"
EndProject
Global
	GlobalSection(SolutionConfigurationPlatforms) = preSolution
		Debug|Any CPU = Debug|Any CPU
		Release|Any CPU = Release|Any CPU
	EndGlobalSection
	GlobalSection(ProjectConfigurationPlatforms) = postSolution
		{0C32A67B-B826-48D4-AEAF-A0B945E6A6B8}.Debug|Any CPU.ActiveCfg = Debug|Any CPU
		{0C32A67B-B826-48D4-AEAF-A0B945E6A6B8}.Debug|Any CPU.Build.0 = Debug|Any CPU
		{0C32A67B-B826-48D4-AEAF-A0B945E6A6B8}.Release|Any CPU.ActiveCfg = Release|Any CPU
		{0C32A67B-B826-48D4-AEAF-A0B945E6A6B8}.Release|Any CPU.Build.0 = Release|Any CPU
	EndGlobalSection
	GlobalSection(SolutionProperties) = preSolution
		HideSolutionNode = FALSE
	EndGlobalSection
	GlobalSection(ExtensibilityGlobals) = postSolution
		SolutionGuid = {9A53D0A3-A3E0-49DF-ABAC-B4E68CF054A8}
	EndGlobalSection
EndGlobal
